// !$*UTF8*$!
{
	archiveVersion = 1;
	classes = {
	};
	objectVersion = 56;
	objects = {

/* Begin PBXBuildFile section */
		0F01F370299F686C005A82B8 /* ImagePicker.swift in Sources */ = {isa = PBXBuildFile; fileRef = 0F01F36F299F686C005A82B8 /* ImagePicker.swift */; };
		0F01F372299F6B9A005A82B8 /* ProfileView.swift in Sources */ = {isa = PBXBuildFile; fileRef = 0F01F371299F6B9A005A82B8 /* ProfileView.swift */; };
		0F1B9E4F299CD4040069616C /* SettingsView.swift in Sources */ = {isa = PBXBuildFile; fileRef = 0F1B9E4E299CD4040069616C /* SettingsView.swift */; };
		0F1B9E51299E1D790069616C /* MainTabView.swift in Sources */ = {isa = PBXBuildFile; fileRef = 0F1B9E50299E1D790069616C /* MainTabView.swift */; };
		0F4EBCCD297E8DB9005F0B2E /* TabbarView.swift in Sources */ = {isa = PBXBuildFile; fileRef = 0F4EBCCC297E8DB9005F0B2E /* TabbarView.swift */; };
		0F61BF9A297FDB920003F63E /* EvolutionView.swift in Sources */ = {isa = PBXBuildFile; fileRef = 0F61BF99297FDB920003F63E /* EvolutionView.swift */; };
		0F61BF9C2980FA0E0003F63E /* TextView.swift in Sources */ = {isa = PBXBuildFile; fileRef = 0F61BF9B2980FA0E0003F63E /* TextView.swift */; };
		0F61BF9F298105DB0003F63E /* HeaderView.swift in Sources */ = {isa = PBXBuildFile; fileRef = 0F61BF9E298105DB0003F63E /* HeaderView.swift */; };
		0F61BFA1298106790003F63E /* HealthDataView.swift in Sources */ = {isa = PBXBuildFile; fileRef = 0F61BFA0298106790003F63E /* HealthDataView.swift */; };
		0F61BFA4298107740003F63E /* AppearanceView.swift in Sources */ = {isa = PBXBuildFile; fileRef = 0F61BFA3298107740003F63E /* AppearanceView.swift */; };
		0F61BFA6298107AD0003F63E /* MealView.swift in Sources */ = {isa = PBXBuildFile; fileRef = 0F61BFA5298107AD0003F63E /* MealView.swift */; };
		0F61BFA929810A710003F63E /* PictureView.swift in Sources */ = {isa = PBXBuildFile; fileRef = 0F61BFA829810A710003F63E /* PictureView.swift */; };
		0F61BFAB29810AC00003F63E /* ButtonView.swift in Sources */ = {isa = PBXBuildFile; fileRef = 0F61BFAA29810AC00003F63E /* ButtonView.swift */; };
		0FD63C78297E57C100183DE1 /* iFatApp.swift in Sources */ = {isa = PBXBuildFile; fileRef = 0FD63C77297E57C100183DE1 /* iFatApp.swift */; };
		0FD63C7C297E57C300183DE1 /* Assets.xcassets in Resources */ = {isa = PBXBuildFile; fileRef = 0FD63C7B297E57C300183DE1 /* Assets.xcassets */; };
		0FD63C7F297E57C300183DE1 /* Preview Assets.xcassets in Resources */ = {isa = PBXBuildFile; fileRef = 0FD63C7E297E57C300183DE1 /* Preview Assets.xcassets */; };
		0FD63C86297E587200183DE1 /* HomeView.swift in Sources */ = {isa = PBXBuildFile; fileRef = 0FD63C85297E587100183DE1 /* HomeView.swift */; };
		0FE4B8B429824D6900EAA7A1 /* WelcomeView.swift in Sources */ = {isa = PBXBuildFile; fileRef = 0FE4B8B329824D6900EAA7A1 /* WelcomeView.swift */; };
		0FE4B8B629824ED700EAA7A1 /* SignUpView.swift in Sources */ = {isa = PBXBuildFile; fileRef = 0FE4B8B529824ED700EAA7A1 /* SignUpView.swift */; };
		0FE4B8B8298287B900EAA7A1 /* LogInView.swift in Sources */ = {isa = PBXBuildFile; fileRef = 0FE4B8B7298287B900EAA7A1 /* LogInView.swift */; };
		98472BAA29A49CDE0037B699 /* WelcomeCoordinatorView.swift in Sources */ = {isa = PBXBuildFile; fileRef = 98472BA929A49CDE0037B699 /* WelcomeCoordinatorView.swift */; };
		98F15580299E8A48009EE5DF /* Color+Palette.swift in Sources */ = {isa = PBXBuildFile; fileRef = 98F1557F299E8A48009EE5DF /* Color+Palette.swift */; };
/* End PBXBuildFile section */

/* Begin PBXFileReference section */
		0F01F36F299F686C005A82B8 /* ImagePicker.swift */ = {isa = PBXFileReference; lastKnownFileType = sourcecode.swift; path = ImagePicker.swift; sourceTree = "<group>"; };
		0F01F371299F6B9A005A82B8 /* ProfileView.swift */ = {isa = PBXFileReference; lastKnownFileType = sourcecode.swift; path = ProfileView.swift; sourceTree = "<group>"; };
		0F1B9E4E299CD4040069616C /* SettingsView.swift */ = {isa = PBXFileReference; lastKnownFileType = sourcecode.swift; path = SettingsView.swift; sourceTree = "<group>"; };
		0F1B9E50299E1D790069616C /* MainTabView.swift */ = {isa = PBXFileReference; lastKnownFileType = sourcecode.swift; path = MainTabView.swift; sourceTree = "<group>"; };
		0F4EBCCC297E8DB9005F0B2E /* TabbarView.swift */ = {isa = PBXFileReference; lastKnownFileType = sourcecode.swift; path = TabbarView.swift; sourceTree = "<group>"; };
		0F61BF99297FDB920003F63E /* EvolutionView.swift */ = {isa = PBXFileReference; lastKnownFileType = sourcecode.swift; path = EvolutionView.swift; sourceTree = "<group>"; };
		0F61BF9B2980FA0E0003F63E /* TextView.swift */ = {isa = PBXFileReference; lastKnownFileType = sourcecode.swift; path = TextView.swift; sourceTree = "<group>"; };
		0F61BF9E298105DB0003F63E /* HeaderView.swift */ = {isa = PBXFileReference; lastKnownFileType = sourcecode.swift; path = HeaderView.swift; sourceTree = "<group>"; };
		0F61BFA0298106790003F63E /* HealthDataView.swift */ = {isa = PBXFileReference; lastKnownFileType = sourcecode.swift; path = HealthDataView.swift; sourceTree = "<group>"; };
		0F61BFA3298107740003F63E /* AppearanceView.swift */ = {isa = PBXFileReference; lastKnownFileType = sourcecode.swift; path = AppearanceView.swift; sourceTree = "<group>"; };
		0F61BFA5298107AD0003F63E /* MealView.swift */ = {isa = PBXFileReference; lastKnownFileType = sourcecode.swift; path = MealView.swift; sourceTree = "<group>"; };
		0F61BFA829810A710003F63E /* PictureView.swift */ = {isa = PBXFileReference; lastKnownFileType = sourcecode.swift; path = PictureView.swift; sourceTree = "<group>"; };
		0F61BFAA29810AC00003F63E /* ButtonView.swift */ = {isa = PBXFileReference; lastKnownFileType = sourcecode.swift; path = ButtonView.swift; sourceTree = "<group>"; };
		0FD63C74297E57C100183DE1 /* iFat.app */ = {isa = PBXFileReference; explicitFileType = wrapper.application; includeInIndex = 0; path = iFat.app; sourceTree = BUILT_PRODUCTS_DIR; };
		0FD63C77297E57C100183DE1 /* iFatApp.swift */ = {isa = PBXFileReference; lastKnownFileType = sourcecode.swift; path = iFatApp.swift; sourceTree = "<group>"; };
		0FD63C7B297E57C300183DE1 /* Assets.xcassets */ = {isa = PBXFileReference; lastKnownFileType = folder.assetcatalog; path = Assets.xcassets; sourceTree = "<group>"; };
		0FD63C7E297E57C300183DE1 /* Preview Assets.xcassets */ = {isa = PBXFileReference; lastKnownFileType = folder.assetcatalog; path = "Preview Assets.xcassets"; sourceTree = "<group>"; };
		0FD63C85297E587100183DE1 /* HomeView.swift */ = {isa = PBXFileReference; lastKnownFileType = sourcecode.swift; path = HomeView.swift; sourceTree = "<group>"; };
		0FE4B8B329824D6900EAA7A1 /* WelcomeView.swift */ = {isa = PBXFileReference; lastKnownFileType = sourcecode.swift; path = WelcomeView.swift; sourceTree = "<group>"; };
		0FE4B8B529824ED700EAA7A1 /* SignUpView.swift */ = {isa = PBXFileReference; lastKnownFileType = sourcecode.swift; path = SignUpView.swift; sourceTree = "<group>"; };
		0FE4B8B7298287B900EAA7A1 /* LogInView.swift */ = {isa = PBXFileReference; lastKnownFileType = sourcecode.swift; path = LogInView.swift; sourceTree = "<group>"; };
		98472BA929A49CDE0037B699 /* WelcomeCoordinatorView.swift */ = {isa = PBXFileReference; lastKnownFileType = sourcecode.swift; path = WelcomeCoordinatorView.swift; sourceTree = "<group>"; };
		98F1557F299E8A48009EE5DF /* Color+Palette.swift */ = {isa = PBXFileReference; lastKnownFileType = sourcecode.swift; path = "Color+Palette.swift"; sourceTree = "<group>"; };
/* End PBXFileReference section */

/* Begin PBXFrameworksBuildPhase section */
		0FD63C71297E57C100183DE1 /* Frameworks */ = {
			isa = PBXFrameworksBuildPhase;
			buildActionMask = 2147483647;
			files = (
			);
			runOnlyForDeploymentPostprocessing = 0;
		};
/* End PBXFrameworksBuildPhase section */

/* Begin PBXGroup section */
		0F01F36E299F5E60005A82B8 /* SettingsScreen */ = {
			isa = PBXGroup;
			children = (
				0F1B9E4E299CD4040069616C /* SettingsView.swift */,
			);
			path = SettingsScreen;
			sourceTree = "<group>";
		};
		0F61BF9D298105800003F63E /* View */ = {
			isa = PBXGroup;
			children = (
				0F01F36F299F686C005A82B8 /* ImagePicker.swift */,
				0F1B9E50299E1D790069616C /* MainTabView.swift */,
				0F61BF9B2980FA0E0003F63E /* TextView.swift */,
				0F4EBCCC297E8DB9005F0B2E /* TabbarView.swift */,
				0F01F371299F6B9A005A82B8 /* ProfileView.swift */,
				0FE4B8B229824D0D00EAA7A1 /* WelcomeScreen */,
				0F61BFA22981068C0003F63E /* HomeScreen */,
				0F61BFA7298109240003F63E /* EvolutionScreen */,
				0F01F36E299F5E60005A82B8 /* SettingsScreen */,
			);
			path = View;
			sourceTree = "<group>";
		};
		0F61BFA22981068C0003F63E /* HomeScreen */ = {
			isa = PBXGroup;
			children = (
				0FD63C85297E587100183DE1 /* HomeView.swift */,
				0F61BF9E298105DB0003F63E /* HeaderView.swift */,
				0F61BFA0298106790003F63E /* HealthDataView.swift */,
				0F61BFA3298107740003F63E /* AppearanceView.swift */,
				0F61BFA5298107AD0003F63E /* MealView.swift */,
			);
			path = HomeScreen;
			sourceTree = "<group>";
		};
		0F61BFA7298109240003F63E /* EvolutionScreen */ = {
			isa = PBXGroup;
			children = (
				0F61BF99297FDB920003F63E /* EvolutionView.swift */,
				0F61BFAA29810AC00003F63E /* ButtonView.swift */,
				0F61BFA829810A710003F63E /* PictureView.swift */,
			);
			path = EvolutionScreen;
			sourceTree = "<group>";
		};
		0FD63C6B297E57C100183DE1 = {
			isa = PBXGroup;
			children = (
				0FD63C76297E57C100183DE1 /* iFat */,
				0FD63C7B297E57C300183DE1 /* Assets.xcassets */,
				0FD63C75297E57C100183DE1 /* Products */,
			);
			sourceTree = "<group>";
		};
		0FD63C75297E57C100183DE1 /* Products */ = {
			isa = PBXGroup;
			children = (
				0FD63C74297E57C100183DE1 /* iFat.app */,
			);
			name = Products;
			sourceTree = "<group>";
		};
		0FD63C76297E57C100183DE1 /* iFat */ = {
			isa = PBXGroup;
			children = (
				0FD63C77297E57C100183DE1 /* iFatApp.swift */,
				0F61BF9D298105800003F63E /* View */,
				0FD63C7D297E57C300183DE1 /* Preview Content */,
				98F1557F299E8A48009EE5DF /* Color+Palette.swift */,
				98472BA929A49CDE0037B699 /* WelcomeCoordinatorView.swift */,
			);
			path = iFat;
			sourceTree = "<group>";
		};
		0FD63C7D297E57C300183DE1 /* Preview Content */ = {
			isa = PBXGroup;
			children = (
				0FD63C7E297E57C300183DE1 /* Preview Assets.xcassets */,
			);
			path = "Preview Content";
			sourceTree = "<group>";
		};
		0FE4B8B229824D0D00EAA7A1 /* WelcomeScreen */ = {
			isa = PBXGroup;
			children = (
				0FE4B8B329824D6900EAA7A1 /* WelcomeView.swift */,
				0FE4B8B529824ED700EAA7A1 /* SignUpView.swift */,
				0FE4B8B7298287B900EAA7A1 /* LogInView.swift */,
			);
			path = WelcomeScreen;
			sourceTree = "<group>";
		};
/* End PBXGroup section */

/* Begin PBXNativeTarget section */
		0FD63C73297E57C100183DE1 /* iFat */ = {
			isa = PBXNativeTarget;
			buildConfigurationList = 0FD63C82297E57C300183DE1 /* Build configuration list for PBXNativeTarget "iFat" */;
			buildPhases = (
				0FD63C70297E57C100183DE1 /* Sources */,
				0FD63C71297E57C100183DE1 /* Frameworks */,
				0FD63C72297E57C100183DE1 /* Resources */,
			);
			buildRules = (
			);
			dependencies = (
			);
			name = iFat;
			productName = iFat;
			productReference = 0FD63C74297E57C100183DE1 /* iFat.app */;
			productType = "com.apple.product-type.application";
		};
/* End PBXNativeTarget section */

/* Begin PBXProject section */
		0FD63C6C297E57C100183DE1 /* Project object */ = {
			isa = PBXProject;
			attributes = {
				BuildIndependentTargetsInParallel = 1;
				LastSwiftUpdateCheck = 1400;
				LastUpgradeCheck = 1400;
				TargetAttributes = {
					0FD63C73297E57C100183DE1 = {
						CreatedOnToolsVersion = 14.0.1;
					};
				};
			};
			buildConfigurationList = 0FD63C6F297E57C100183DE1 /* Build configuration list for PBXProject "iFat" */;
			compatibilityVersion = "Xcode 14.0";
			developmentRegion = en;
			hasScannedForEncodings = 0;
			knownRegions = (
				en,
				Base,
			);
			mainGroup = 0FD63C6B297E57C100183DE1;
			productRefGroup = 0FD63C75297E57C100183DE1 /* Products */;
			projectDirPath = "";
			projectRoot = "";
			targets = (
				0FD63C73297E57C100183DE1 /* iFat */,
			);
		};
/* End PBXProject section */

/* Begin PBXResourcesBuildPhase section */
		0FD63C72297E57C100183DE1 /* Resources */ = {
			isa = PBXResourcesBuildPhase;
			buildActionMask = 2147483647;
			files = (
				0FD63C7F297E57C300183DE1 /* Preview Assets.xcassets in Resources */,
				0FD63C7C297E57C300183DE1 /* Assets.xcassets in Resources */,
			);
			runOnlyForDeploymentPostprocessing = 0;
		};
/* End PBXResourcesBuildPhase section */

/* Begin PBXSourcesBuildPhase section */
		0FD63C70297E57C100183DE1 /* Sources */ = {
			isa = PBXSourcesBuildPhase;
			buildActionMask = 2147483647;
			files = (
				0FE4B8B8298287B900EAA7A1 /* LogInView.swift in Sources */,
				0F61BF9A297FDB920003F63E /* EvolutionView.swift in Sources */,
				0FD63C86297E587200183DE1 /* HomeView.swift in Sources */,
				0F61BFAB29810AC00003F63E /* ButtonView.swift in Sources */,
				0F61BF9C2980FA0E0003F63E /* TextView.swift in Sources */,
				0F61BFA4298107740003F63E /* AppearanceView.swift in Sources */,
				0F01F370299F686C005A82B8 /* ImagePicker.swift in Sources */,
				98F15580299E8A48009EE5DF /* Color+Palette.swift in Sources */,
				0F61BFA929810A710003F63E /* PictureView.swift in Sources */,
				0FE4B8B429824D6900EAA7A1 /* WelcomeView.swift in Sources */,
				98472BAA29A49CDE0037B699 /* WelcomeCoordinatorView.swift in Sources */,
				0F1B9E51299E1D790069616C /* MainTabView.swift in Sources */,
				0F01F372299F6B9A005A82B8 /* ProfileView.swift in Sources */,
				0F1B9E4F299CD4040069616C /* SettingsView.swift in Sources */,
				0F4EBCCD297E8DB9005F0B2E /* TabbarView.swift in Sources */,
				0F61BFA6298107AD0003F63E /* MealView.swift in Sources */,
				0FE4B8B629824ED700EAA7A1 /* SignUpView.swift in Sources */,
				0FD63C78297E57C100183DE1 /* iFatApp.swift in Sources */,
				0F61BFA1298106790003F63E /* HealthDataView.swift in Sources */,
				0F61BF9F298105DB0003F63E /* HeaderView.swift in Sources */,
			);
			runOnlyForDeploymentPostprocessing = 0;
		};
/* End PBXSourcesBuildPhase section */

/* Begin XCBuildConfiguration section */
		0FD63C80297E57C300183DE1 /* Debug */ = {
			isa = XCBuildConfiguration;
			buildSettings = {
				ALWAYS_SEARCH_USER_PATHS = NO;
				CLANG_ANALYZER_NONNULL = YES;
				CLANG_ANALYZER_NUMBER_OBJECT_CONVERSION = YES_AGGRESSIVE;
				CLANG_CXX_LANGUAGE_STANDARD = "gnu++20";
				CLANG_ENABLE_MODULES = YES;
				CLANG_ENABLE_OBJC_ARC = YES;
				CLANG_ENABLE_OBJC_WEAK = YES;
				CLANG_WARN_BLOCK_CAPTURE_AUTORELEASING = YES;
				CLANG_WARN_BOOL_CONVERSION = YES;
				CLANG_WARN_COMMA = YES;
				CLANG_WARN_CONSTANT_CONVERSION = YES;
				CLANG_WARN_DEPRECATED_OBJC_IMPLEMENTATIONS = YES;
				CLANG_WARN_DIRECT_OBJC_ISA_USAGE = YES_ERROR;
				CLANG_WARN_DOCUMENTATION_COMMENTS = YES;
				CLANG_WARN_EMPTY_BODY = YES;
				CLANG_WARN_ENUM_CONVERSION = YES;
				CLANG_WARN_INFINITE_RECURSION = YES;
				CLANG_WARN_INT_CONVERSION = YES;
				CLANG_WARN_NON_LITERAL_NULL_CONVERSION = YES;
				CLANG_WARN_OBJC_IMPLICIT_RETAIN_SELF = YES;
				CLANG_WARN_OBJC_LITERAL_CONVERSION = YES;
				CLANG_WARN_OBJC_ROOT_CLASS = YES_ERROR;
				CLANG_WARN_QUOTED_INCLUDE_IN_FRAMEWORK_HEADER = YES;
				CLANG_WARN_RANGE_LOOP_ANALYSIS = YES;
				CLANG_WARN_STRICT_PROTOTYPES = YES;
				CLANG_WARN_SUSPICIOUS_MOVE = YES;
				CLANG_WARN_UNGUARDED_AVAILABILITY = YES_AGGRESSIVE;
				CLANG_WARN_UNREACHABLE_CODE = YES;
				CLANG_WARN__DUPLICATE_METHOD_MATCH = YES;
				COPY_PHASE_STRIP = NO;
				DEBUG_INFORMATION_FORMAT = dwarf;
				ENABLE_STRICT_OBJC_MSGSEND = YES;
				ENABLE_TESTABILITY = YES;
				GCC_C_LANGUAGE_STANDARD = gnu11;
				GCC_DYNAMIC_NO_PIC = NO;
				GCC_NO_COMMON_BLOCKS = YES;
				GCC_OPTIMIZATION_LEVEL = 0;
				GCC_PREPROCESSOR_DEFINITIONS = (
					"DEBUG=1",
					"$(inherited)",
				);
				GCC_WARN_64_TO_32_BIT_CONVERSION = YES;
				GCC_WARN_ABOUT_RETURN_TYPE = YES_ERROR;
				GCC_WARN_UNDECLARED_SELECTOR = YES;
				GCC_WARN_UNINITIALIZED_AUTOS = YES_AGGRESSIVE;
				GCC_WARN_UNUSED_FUNCTION = YES;
				GCC_WARN_UNUSED_VARIABLE = YES;
				IPHONEOS_DEPLOYMENT_TARGET = 16.0;
				MTL_ENABLE_DEBUG_INFO = INCLUDE_SOURCE;
				MTL_FAST_MATH = YES;
				ONLY_ACTIVE_ARCH = YES;
				SDKROOT = iphoneos;
				SWIFT_ACTIVE_COMPILATION_CONDITIONS = DEBUG;
				SWIFT_OPTIMIZATION_LEVEL = "-Onone";
			};
			name = Debug;
		};
		0FD63C81297E57C300183DE1 /* Release */ = {
			isa = XCBuildConfiguration;
			buildSettings = {
				ALWAYS_SEARCH_USER_PATHS = NO;
				CLANG_ANALYZER_NONNULL = YES;
				CLANG_ANALYZER_NUMBER_OBJECT_CONVERSION = YES_AGGRESSIVE;
				CLANG_CXX_LANGUAGE_STANDARD = "gnu++20";
				CLANG_ENABLE_MODULES = YES;
				CLANG_ENABLE_OBJC_ARC = YES;
				CLANG_ENABLE_OBJC_WEAK = YES;
				CLANG_WARN_BLOCK_CAPTURE_AUTORELEASING = YES;
				CLANG_WARN_BOOL_CONVERSION = YES;
				CLANG_WARN_COMMA = YES;
				CLANG_WARN_CONSTANT_CONVERSION = YES;
				CLANG_WARN_DEPRECATED_OBJC_IMPLEMENTATIONS = YES;
				CLANG_WARN_DIRECT_OBJC_ISA_USAGE = YES_ERROR;
				CLANG_WARN_DOCUMENTATION_COMMENTS = YES;
				CLANG_WARN_EMPTY_BODY = YES;
				CLANG_WARN_ENUM_CONVERSION = YES;
				CLANG_WARN_INFINITE_RECURSION = YES;
				CLANG_WARN_INT_CONVERSION = YES;
				CLANG_WARN_NON_LITERAL_NULL_CONVERSION = YES;
				CLANG_WARN_OBJC_IMPLICIT_RETAIN_SELF = YES;
				CLANG_WARN_OBJC_LITERAL_CONVERSION = YES;
				CLANG_WARN_OBJC_ROOT_CLASS = YES_ERROR;
				CLANG_WARN_QUOTED_INCLUDE_IN_FRAMEWORK_HEADER = YES;
				CLANG_WARN_RANGE_LOOP_ANALYSIS = YES;
				CLANG_WARN_STRICT_PROTOTYPES = YES;
				CLANG_WARN_SUSPICIOUS_MOVE = YES;
				CLANG_WARN_UNGUARDED_AVAILABILITY = YES_AGGRESSIVE;
				CLANG_WARN_UNREACHABLE_CODE = YES;
				CLANG_WARN__DUPLICATE_METHOD_MATCH = YES;
				COPY_PHASE_STRIP = NO;
				DEBUG_INFORMATION_FORMAT = "dwarf-with-dsym";
				ENABLE_NS_ASSERTIONS = NO;
				ENABLE_STRICT_OBJC_MSGSEND = YES;
				GCC_C_LANGUAGE_STANDARD = gnu11;
				GCC_NO_COMMON_BLOCKS = YES;
				GCC_WARN_64_TO_32_BIT_CONVERSION = YES;
				GCC_WARN_ABOUT_RETURN_TYPE = YES_ERROR;
				GCC_WARN_UNDECLARED_SELECTOR = YES;
				GCC_WARN_UNINITIALIZED_AUTOS = YES_AGGRESSIVE;
				GCC_WARN_UNUSED_FUNCTION = YES;
				GCC_WARN_UNUSED_VARIABLE = YES;
				IPHONEOS_DEPLOYMENT_TARGET = 16.0;
				MTL_ENABLE_DEBUG_INFO = NO;
				MTL_FAST_MATH = YES;
				SDKROOT = iphoneos;
				SWIFT_COMPILATION_MODE = wholemodule;
				SWIFT_OPTIMIZATION_LEVEL = "-O";
				VALIDATE_PRODUCT = YES;
			};
			name = Release;
		};
		0FD63C83297E57C300183DE1 /* Debug */ = {
			isa = XCBuildConfiguration;
			buildSettings = {
				ASSETCATALOG_COMPILER_APPICON_NAME = AppIcon;
				ASSETCATALOG_COMPILER_GLOBAL_ACCENT_COLOR_NAME = AccentColor;
				CODE_SIGN_STYLE = Automatic;
				CURRENT_PROJECT_VERSION = 1;
				DEVELOPMENT_ASSET_PATHS = "\"iFat/Preview Content\"";
				DEVELOPMENT_TEAM = A524LR8F6J;
				ENABLE_PREVIEWS = YES;
				GENERATE_INFOPLIST_FILE = YES;
				INFOPLIST_KEY_NSCameraUsageDescription = "We need access to your camera to take photos";
				INFOPLIST_KEY_UIApplicationSceneManifest_Generation = YES;
				INFOPLIST_KEY_UIApplicationSupportsIndirectInputEvents = YES;
				INFOPLIST_KEY_UILaunchScreen_Generation = YES;
				INFOPLIST_KEY_UISupportedInterfaceOrientations_iPad = "UIInterfaceOrientationPortrait UIInterfaceOrientationPortraitUpsideDown UIInterfaceOrientationLandscapeLeft UIInterfaceOrientationLandscapeRight";
				INFOPLIST_KEY_UISupportedInterfaceOrientations_iPhone = "UIInterfaceOrientationPortrait UIInterfaceOrientationLandscapeLeft UIInterfaceOrientationLandscapeRight";
				LD_RUNPATH_SEARCH_PATHS = (
					"$(inherited)",
					"@executable_path/Frameworks",
				);
				MARKETING_VERSION = 1.0;
				PRODUCT_BUNDLE_IDENTIFIER = com.catmeox.iFat;
				PRODUCT_NAME = "$(TARGET_NAME)";
				SWIFT_EMIT_LOC_STRINGS = YES;
				SWIFT_VERSION = 5.0;
				TARGETED_DEVICE_FAMILY = "1,2";
			};
			name = Debug;
		};
		0FD63C84297E57C300183DE1 /* Release */ = {
			isa = XCBuildConfiguration;
			buildSettings = {
				ASSETCATALOG_COMPILER_APPICON_NAME = AppIcon;
				ASSETCATALOG_COMPILER_GLOBAL_ACCENT_COLOR_NAME = AccentColor;
				CODE_SIGN_STYLE = Automatic;
				CURRENT_PROJECT_VERSION = 1;
				DEVELOPMENT_ASSET_PATHS = "\"iFat/Preview Content\"";
				DEVELOPMENT_TEAM = A524LR8F6J;
				ENABLE_PREVIEWS = YES;
				GENERATE_INFOPLIST_FILE = YES;
				INFOPLIST_KEY_NSCameraUsageDescription = "We need access to your camera to take photos";
				INFOPLIST_KEY_UIApplicationSceneManifest_Generation = YES;
				INFOPLIST_KEY_UIApplicationSupportsIndirectInputEvents = YES;
				INFOPLIST_KEY_UILaunchScreen_Generation = YES;
				INFOPLIST_KEY_UISupportedInterfaceOrientations_iPad = "UIInterfaceOrientationPortrait UIInterfaceOrientationPortraitUpsideDown UIInterfaceOrientationLandscapeLeft UIInterfaceOrientationLandscapeRight";
				INFOPLIST_KEY_UISupportedInterfaceOrientations_iPhone = "UIInterfaceOrientationPortrait UIInterfaceOrientationLandscapeLeft UIInterfaceOrientationLandscapeRight";
				LD_RUNPATH_SEARCH_PATHS = (
					"$(inherited)",
					"@executable_path/Frameworks",
				);
				MARKETING_VERSION = 1.0;
				PRODUCT_BUNDLE_IDENTIFIER = com.catmeox.iFat;
				PRODUCT_NAME = "$(TARGET_NAME)";
				SWIFT_EMIT_LOC_STRINGS = YES;
				SWIFT_VERSION = 5.0;
				TARGETED_DEVICE_FAMILY = "1,2";
			};
			name = Release;
		};
/* End XCBuildConfiguration section */

/* Begin XCConfigurationList section */
		0FD63C6F297E57C100183DE1 /* Build configuration list for PBXProject "iFat" */ = {
			isa = XCConfigurationList;
			buildConfigurations = (
				0FD63C80297E57C300183DE1 /* Debug */,
				0FD63C81297E57C300183DE1 /* Release */,
			);
			defaultConfigurationIsVisible = 0;
			defaultConfigurationName = Release;
		};
		0FD63C82297E57C300183DE1 /* Build configuration list for PBXNativeTarget "iFat" */ = {
			isa = XCConfigurationList;
			buildConfigurations = (
				0FD63C83297E57C300183DE1 /* Debug */,
				0FD63C84297E57C300183DE1 /* Release */,
			);
			defaultConfigurationIsVisible = 0;
			defaultConfigurationName = Release;
		};
/* End XCConfigurationList section */
	};
	rootObject = 0FD63C6C297E57C100183DE1 /* Project object */;
}
